
Microsoft Visual Studio Solution File, Format Version 12.00
# Visual Studio 15
VisualStudioVersion = 15.0.27703.2026
MinimumVisualStudioVersion = 10.0.40219.1
Project("{FAE04EC0-301F-11D3-BF4B-00C04F79EFBC}") = "SingleResponsibility", "SingleResponsibility\SingleResponsibility.csproj", "{455E0367-231B-46DA-B949-9E05F4001453}"
EndProject
Project("{FAE04EC0-301F-11D3-BF4B-00C04F79EFBC}") = "SingleResponsibility2", "SingleResponsibility2\SingleResponsibility2.csproj", "{96996279-6D9A-46EA-B633-6E720E76E608}"
EndProject
Global
	GlobalSection(SolutionConfigurationPlatforms) = preSolution
		Debug|Any CPU = Debug|Any CPU
		Release|Any CPU = Release|Any CPU
	EndGlobalSection
	GlobalSection(ProjectConfigurationPlatforms) = postSolution
		{455E0367-231B-46DA-B949-9E05F4001453}.Debug|Any CPU.ActiveCfg = Debug|Any CPU
		{455E0367-231B-46DA-B949-9E05F4001453}.Debug|Any CPU.Build.0 = Debug|Any CPU
		{455E0367-231B-46DA-B949-9E05F4001453}.Release|Any CPU.ActiveCfg = Release|Any CPU
		{455E0367-231B-46DA-B949-9E05F4001453}.Release|Any CPU.Build.0 = Release|Any CPU
		{96996279-6D9A-46EA-B633-6E720E76E608}.Debug|Any CPU.ActiveCfg = Debug|Any CPU
		{96996279-6D9A-46EA-B633-6E720E76E608}.Debug|Any CPU.Build.0 = Debug|Any CPU
		{96996279-6D9A-46EA-B633-6E720E76E608}.Release|Any CPU.ActiveCfg = Release|Any CPU
		{96996279-6D9A-46EA-B633-6E720E76E608}.Release|Any CPU.Build.0 = Release|Any CPU
	EndGlobalSection
	GlobalSection(SolutionProperties) = preSolution
		HideSolutionNode = FALSE
	EndGlobalSection
	GlobalSection(ExtensibilityGlobals) = postSolution
		SolutionGuid = {86529C0E-478C-4D20-899B-3A9B7DB2FEDB}
	EndGlobalSection
EndGlobal
